{
  "name": "website",
  "version": "1.0.0",
  "lockfileVersion": 3,
  "requires": true,
  "packages": {
    "": {
      "name": "website",
      "version": "1.0.0",
      "license": "ISC",
      "dependencies": {
        "dotenv": "^17.3.1",
        "framer-api": "^0.1.4"
      }
    },
    "node_modules/devalue": {
      "version": "5.6.4",
      "resolved": "https://registry.npmjs.org/devalue/-/devalue-5.6.4.tgz",
      "integrity": "sha512-Gp6rDldRsFh/7XuouDbxMH3Mx8GMCcgzIb1pDTvNyn8pZGQ22u+Wa+lGV9dQCltFQ7uVw0MhRyb8XDskNFOReA==",
      "license": "MIT"
    },
    "node_modules/dotenv": {
      "version": "17.3.1",
      "resolved": "https://registry.npmjs.org/dotenv/-/dotenv-17.3.1.tgz",
      "integrity": "sha512-IO8C/dzEb6O3F9/twg6ZLXz164a2fhTnEWb95H23Dm4OuN+92NmEAlTrupP9VW6Jm3sO26tQlqyvyi4CsnY9GA==",
      "license": "BSD-2-Clause",
      "engines": {
        "node": ">=12"
      },
      "funding": {
        "url": "https://dotenvx.com"
      }
    },
    "node_modules/framer-api": {
      "version": "0.1.4",
      "resolved": "https://registry.npmjs.org/framer-api/-/framer-api-0.1.4.tgz",
      "integrity": "sha512-UciL3tB7ieLCIgXSrgKH2RlhkFNqxZADPPUPBcADkjKpqZTGjDuC4JX+TgmZ7C0vUF3rzFsE1KXrzqj2LKW/2A==",
      "dependencies": {
        "devalue": "^5.6.4",
        "std-env": "^4.0.0"
      },
      "engines": {
        "node": ">=22"
      }
    },
    "node_modules/std-env": {
      "version": "4.0.0",
      "resolved": "https://registry.npmjs.org/std-env/-/std-env-4.0.0.tgz",
      "integrity": "sha512-zUMPtQ/HBY3/50VbpkupYHbRroTRZJPRLvreamgErJVys0ceuzMkD44J/QjqhHjOzK42GQ3QZIeFG1OYfOtKqQ==",
      "license": "MIT"
    }
  }
}
